// !$*UTF8*$!
{
	archiveVersion = 1;
	classes = {
	};
	objectVersion = 46;
	objects = {

/* Begin PBXBuildFile section */
		6B8181421521901B00FA56BF /* main.cpp in Sources */ = {isa = PBXBuildFile; fileRef = 6B8181411521901B00FA56BF /* main.cpp */; };
		6B8181441521901B00FA56BF /* MultiFluid.1 in CopyFiles */ = {isa = PBXBuildFile; fileRef = 6B8181431521901B00FA56BF /* MultiFluid.1 */; };
		6B81815A1521914C00FA56BF /* fluidsim.cpp in Sources */ = {isa = PBXBuildFile; fileRef = 6B8181531521914C00FA56BF /* fluidsim.cpp */; };
		6B81815B1521914C00FA56BF /* levelset_util.cpp in Sources */ = {isa = PBXBuildFile; fileRef = 6B8181551521914C00FA56BF /* levelset_util.cpp */; };
		6B81816E152192DE00FA56BF /* incomplete_qr.cpp in Sources */ = {isa = PBXBuildFile; fileRef = 6B818167152192DE00FA56BF /* incomplete_qr.cpp */; };
/* End PBXBuildFile section */

/* Begin PBXCopyFilesBuildPhase section */
		6B81813B1521901B00FA56BF /* CopyFiles */ = {
			isa = PBXCopyFilesBuildPhase;
			buildActionMask = 2147483647;
			dstPath = /usr/share/man/man1/;
			dstSubfolderSpec = 0;
			files = (
				6B8181441521901B00FA56BF /* MultiFluid.1 in CopyFiles */,
			);
			runOnlyForDeploymentPostprocessing = 1;
		};
/* End PBXCopyFilesBuildPhase section */

/* Begin PBXFileReference section */
		6B3897EE1522CDE600FB986B /* _detail.hpp */ = {isa = PBXFileReference; fileEncoding = 4; lastKnownFileType = sourcecode.cpp.h; path = _detail.hpp; sourceTree = "<group>"; };
		6B3897EF1522CDE600FB986B /* _fixes.hpp */ = {isa = PBXFileReference; fileEncoding = 4; lastKnownFileType = sourcecode.cpp.h; path = _fixes.hpp; sourceTree = "<group>"; };
		6B3897F01522CDE600FB986B /* _swizzle.hpp */ = {isa = PBXFileReference; fileEncoding = 4; lastKnownFileType = sourcecode.cpp.h; path = _swizzle.hpp; sourceTree = "<group>"; };
		6B3897F21522CDE600FB986B /* func_common.hpp */ = {isa = PBXFileReference; fileEncoding = 4; lastKnownFileType = sourcecode.cpp.h; path = func_common.hpp; sourceTree = "<group>"; };
		6B3897F31522CDE600FB986B /* func_common.inl */ = {isa = PBXFileReference; fileEncoding = 4; lastKnownFileType = text; path = func_common.inl; sourceTree = "<group>"; };
		6B3897F41522CDE600FB986B /* func_exponential.hpp */ = {isa = PBXFileReference; fileEncoding = 4; lastKnownFileType = sourcecode.cpp.h; path = func_exponential.hpp; sourceTree = "<group>"; };
		6B3897F51522CDE600FB986B /* func_exponential.inl */ = {isa = PBXFileReference; fileEncoding = 4; lastKnownFileType = text; path = func_exponential.inl; sourceTree = "<group>"; };
		6B3897F61522CDE600FB986B /* func_geometric.hpp */ = {isa = PBXFileReference; fileEncoding = 4; lastKnownFileType = sourcecode.cpp.h; path = func_geometric.hpp; sourceTree = "<group>"; };
		6B3897F71522CDE600FB986B /* func_geometric.inl */ = {isa = PBXFileReference; fileEncoding = 4; lastKnownFileType = text; path = func_geometric.inl; sourceTree = "<group>"; };
		6B3897F81522CDE600FB986B /* func_integer.hpp */ = {isa = PBXFileReference; fileEncoding = 4; lastKnownFileType = sourcecode.cpp.h; path = func_integer.hpp; sourceTree = "<group>"; };
		6B3897F91522CDE600FB986B /* func_integer.inl */ = {isa = PBXFileReference; fileEncoding = 4; lastKnownFileType = text; path = func_integer.inl; sourceTree = "<group>"; };
		6B3897FA1522CDE600FB986B /* func_matrix.hpp */ = {isa = PBXFileReference; fileEncoding = 4; lastKnownFileType = sourcecode.cpp.h; path = func_matrix.hpp; sourceTree = "<group>"; };
		6B3897FB1522CDE600FB986B /* func_matrix.inl */ = {isa = PBXFileReference; fileEncoding = 4; lastKnownFileType = text; path = func_matrix.inl; sourceTree = "<group>"; };
		6B3897FC1522CDE600FB986B /* func_noise.hpp */ = {isa = PBXFileReference; fileEncoding = 4; lastKnownFileType = sourcecode.cpp.h; path = func_noise.hpp; sourceTree = "<group>"; };
		6B3897FD1522CDE600FB986B /* func_noise.inl */ = {isa = PBXFileReference; fileEncoding = 4; lastKnownFileType = text; path = func_noise.inl; sourceTree = "<group>"; };
		6B3897FE1522CDE600FB986B /* func_packing.hpp */ = {isa = PBXFileReference; fileEncoding = 4; lastKnownFileType = sourcecode.cpp.h; path = func_packing.hpp; sourceTree = "<group>"; };
		6B3897FF1522CDE600FB986B /* func_packing.inl */ = {isa = PBXFileReference; fileEncoding = 4; lastKnownFileType = text; path = func_packing.inl; sourceTree = "<group>"; };
		6B3898001522CDE600FB986B /* func_trigonometric.hpp */ = {isa = PBXFileReference; fileEncoding = 4; lastKnownFileType = sourcecode.cpp.h; path = func_trigonometric.hpp; sourceTree = "<group>"; };
		6B3898011522CDE600FB986B /* func_trigonometric.inl */ = {isa = PBXFileReference; fileEncoding = 4; lastKnownFileType = text; path = func_trigonometric.inl; sourceTree = "<group>"; };
		6B3898021522CDE600FB986B /* func_vector_relational.hpp */ = {isa = PBXFileReference; fileEncoding = 4; lastKnownFileType = sourcecode.cpp.h; path = func_vector_relational.hpp; sourceTree = "<group>"; };
		6B3898031522CDE600FB986B /* func_vector_relational.inl */ = {isa = PBXFileReference; fileEncoding = 4; lastKnownFileType = text; path = func_vector_relational.inl; sourceTree = "<group>"; };
		6B3898041522CDE600FB986B /* hint.hpp */ = {isa = PBXFileReference; fileEncoding = 4; lastKnownFileType = sourcecode.cpp.h; path = hint.hpp; sourceTree = "<group>"; };
		6B3898051522CDE600FB986B /* intrinsic_common.hpp */ = {isa = PBXFileReference; fileEncoding = 4; lastKnownFileType = sourcecode.cpp.h; path = intrinsic_common.hpp; sourceTree = "<group>"; };
		6B3898061522CDE600FB986B /* intrinsic_common.inl */ = {isa = PBXFileReference; fileEncoding = 4; lastKnownFileType = text; path = intrinsic_common.inl; sourceTree = "<group>"; };
		6B3898071522CDE600FB986B /* intrinsic_exponential.hpp */ = {isa = PBXFileReference; fileEncoding = 4; lastKnownFileType = sourcecode.cpp.h; path = intrinsic_exponential.hpp; sourceTree = "<group>"; };
		6B3898081522CDE600FB986B /* intrinsic_exponential.inl */ = {isa = PBXFileReference; fileEncoding = 4; lastKnownFileType = text; path = intrinsic_exponential.inl; sourceTree = "<group>"; };
		6B3898091522CDE600FB986B /* intrinsic_geometric.hpp */ = {isa = PBXFileReference; fileEncoding = 4; lastKnownFileType = sourcecode.cpp.h; path = intrinsic_geometric.hpp; sourceTree = "<group>"; };
		6B38980A1522CDE600FB986B /* intrinsic_geometric.inl */ = {isa = PBXFileReference; fileEncoding = 4; lastKnownFileType = text; path = intrinsic_geometric.inl; sourceTree = "<group>"; };
		6B38980B1522CDE600FB986B /* intrinsic_matrix.hpp */ = {isa = PBXFileReference; fileEncoding = 4; lastKnownFileType = sourcecode.cpp.h; path = intrinsic_matrix.hpp; sourceTree = "<group>"; };
		6B38980C1522CDE600FB986B /* intrinsic_matrix.inl */ = {isa = PBXFileReference; fileEncoding = 4; lastKnownFileType = text; path = intrinsic_matrix.inl; sourceTree = "<group>"; };
		6B38980D1522CDE600FB986B /* intrinsic_trigonometric.hpp */ = {isa = PBXFileReference; fileEncoding = 4; lastKnownFileType = sourcecode.cpp.h; path = intrinsic_trigonometric.hpp; sourceTree = "<group>"; };
		6B38980E1522CDE600FB986B /* intrinsic_trigonometric.inl */ = {isa = PBXFileReference; fileEncoding = 4; lastKnownFileType = text; path = intrinsic_trigonometric.inl; sourceTree = "<group>"; };
		6B38980F1522CDE600FB986B /* intrinsic_vector_relational.hpp */ = {isa = PBXFileReference; fileEncoding = 4; lastKnownFileType = sourcecode.cpp.h; path = intrinsic_vector_relational.hpp; sourceTree = "<group>"; };
		6B3898101522CDE600FB986B /* intrinsic_vector_relational.inl */ = {isa = PBXFileReference; fileEncoding = 4; lastKnownFileType = text; path = intrinsic_vector_relational.inl; sourceTree = "<group>"; };
		6B3898111522CDE600FB986B /* setup.hpp */ = {isa = PBXFileReference; fileEncoding = 4; lastKnownFileType = sourcecode.cpp.h; path = setup.hpp; sourceTree = "<group>"; };
		6B3898121522CDE600FB986B /* type.hpp */ = {isa = PBXFileReference; fileEncoding = 4; lastKnownFileType = sourcecode.cpp.h; path = type.hpp; sourceTree = "<group>"; };
		6B3898131522CDE600FB986B /* type_float.hpp */ = {isa = PBXFileReference; fileEncoding = 4; lastKnownFileType = sourcecode.cpp.h; path = type_float.hpp; sourceTree = "<group>"; };
		6B3898141522CDE600FB986B /* type_gentype.hpp */ = {isa = PBXFileReference; fileEncoding = 4; lastKnownFileType = sourcecode.cpp.h; path = type_gentype.hpp; sourceTree = "<group>"; };
		6B3898151522CDE600FB986B /* type_gentype.inl */ = {isa = PBXFileReference; fileEncoding = 4; lastKnownFileType = text; path = type_gentype.inl; sourceTree = "<group>"; };
		6B3898161522CDE600FB986B /* type_half.hpp */ = {isa = PBXFileReference; fileEncoding = 4; lastKnownFileType = sourcecode.cpp.h; path = type_half.hpp; sourceTree = "<group>"; };
		6B3898171522CDE600FB986B /* type_half.inl */ = {isa = PBXFileReference; fileEncoding = 4; lastKnownFileType = text; path = type_half.inl; sourceTree = "<group>"; };
		6B3898181522CDE600FB986B /* type_int.hpp */ = {isa = PBXFileReference; fileEncoding = 4; lastKnownFileType = sourcecode.cpp.h; path = type_int.hpp; sourceTree = "<group>"; };
		6B3898191522CDE600FB986B /* type_mat.hpp */ = {isa = PBXFileReference; fileEncoding = 4; lastKnownFileType = sourcecode.cpp.h; path = type_mat.hpp; sourceTree = "<group>"; };
		6B38981A1522CDE600FB986B /* type_mat.inl */ = {isa = PBXFileReference; fileEncoding = 4; lastKnownFileType = text; path = type_mat.inl; sourceTree = "<group>"; };
		6B38981B1522CDE600FB986B /* type_mat2x2.hpp */ = {isa = PBXFileReference; fileEncoding = 4; lastKnownFileType = sourcecode.cpp.h; path = type_mat2x2.hpp; sourceTree = "<group>"; };
		6B38981C1522CDE600FB986B /* type_mat2x2.inl */ = {isa = PBXFileReference; fileEncoding = 4; lastKnownFileType = text; path = type_mat2x2.inl; sourceTree = "<group>"; };
		6B38981D1522CDE600FB986B /* type_mat2x3.hpp */ = {isa = PBXFileReference; fileEncoding = 4; lastKnownFileType = sourcecode.cpp.h; path = type_mat2x3.hpp; sourceTree = "<group>"; };
		6B38981E1522CDE600FB986B /* type_mat2x3.inl */ = {isa = PBXFileReference; fileEncoding = 4; lastKnownFileType = text; path = type_mat2x3.inl; sourceTree = "<group>"; };
		6B38981F1522CDE600FB986B /* type_mat2x4.hpp */ = {isa = PBXFileReference; fileEncoding = 4; lastKnownFileType = sourcecode.cpp.h; path = type_mat2x4.hpp; sourceTree = "<group>"; };
		6B3898201522CDE600FB986B /* type_mat2x4.inl */ = {isa = PBXFileReference; fileEncoding = 4; lastKnownFileType = text; path = type_mat2x4.inl; sourceTree = "<group>"; };
		6B3898211522CDE600FB986B /* type_mat3x2.hpp */ = {isa = PBXFileReference; fileEncoding = 4; lastKnownFileType = sourcecode.cpp.h; path = type_mat3x2.hpp; sourceTree = "<group>"; };
		6B3898221522CDE600FB986B /* type_mat3x2.inl */ = {isa = PBXFileReference; fileEncoding = 4; lastKnownFileType = text; path = type_mat3x2.inl; sourceTree = "<group>"; };
		6B3898231522CDE600FB986B /* type_mat3x3.hpp */ = {isa = PBXFileReference; fileEncoding = 4; lastKnownFileType = sourcecode.cpp.h; path = type_mat3x3.hpp; sourceTree = "<group>"; };
		6B3898241522CDE600FB986B /* type_mat3x3.inl */ = {isa = PBXFileReference; fileEncoding = 4; lastKnownFileType = text; path = type_mat3x3.inl; sourceTree = "<group>"; };
		6B3898251522CDE600FB986B /* type_mat3x4.hpp */ = {isa = PBXFileReference; fileEncoding = 4; lastKnownFileType = sourcecode.cpp.h; path = type_mat3x4.hpp; sourceTree = "<group>"; };
		6B3898261522CDE600FB986B /* type_mat3x4.inl */ = {isa = PBXFileReference; fileEncoding = 4; lastKnownFileType = text; path = type_mat3x4.inl; sourceTree = "<group>"; };
		6B3898271522CDE600FB986B /* type_mat4x2.hpp */ = {isa = PBXFileReference; fileEncoding = 4; lastKnownFileType = sourcecode.cpp.h; path = type_mat4x2.hpp; sourceTree = "<group>"; };
		6B3898281522CDE600FB986B /* type_mat4x2.inl */ = {isa = PBXFileReference; fileEncoding = 4; lastKnownFileType = text; path = type_mat4x2.inl; sourceTree = "<group>"; };
		6B3898291522CDE600FB986B /* type_mat4x3.hpp */ = {isa = PBXFileReference; fileEncoding = 4; lastKnownFileType = sourcecode.cpp.h; path = type_mat4x3.hpp; sourceTree = "<group>"; };
		6B38982A1522CDE600FB986B /* type_mat4x3.inl */ = {isa = PBXFileReference; fileEncoding = 4; lastKnownFileType = text; path = type_mat4x3.inl; sourceTree = "<group>"; };
		6B38982B1522CDE600FB986B /* type_mat4x4.hpp */ = {isa = PBXFileReference; fileEncoding = 4; lastKnownFileType = sourcecode.cpp.h; path = type_mat4x4.hpp; sourceTree = "<group>"; };
		6B38982C1522CDE600FB986B /* type_mat4x4.inl */ = {isa = PBXFileReference; fileEncoding = 4; lastKnownFileType = text; path = type_mat4x4.inl; sourceTree = "<group>"; };
		6B38982D1522CDE600FB986B /* type_size.hpp */ = {isa = PBXFileReference; fileEncoding = 4; lastKnownFileType = sourcecode.cpp.h; path = type_size.hpp; sourceTree = "<group>"; };
		6B38982E1522CDE600FB986B /* type_vec.hpp */ = {isa = PBXFileReference; fileEncoding = 4; lastKnownFileType = sourcecode.cpp.h; path = type_vec.hpp; sourceTree = "<group>"; };
		6B38982F1522CDE600FB986B /* type_vec.inl */ = {isa = PBXFileReference; fileEncoding = 4; lastKnownFileType = text; path = type_vec.inl; sourceTree = "<group>"; };
		6B3898301522CDE600FB986B /* type_vec1.hpp */ = {isa = PBXFileReference; fileEncoding = 4; lastKnownFileType = sourcecode.cpp.h; path = type_vec1.hpp; sourceTree = "<group>"; };
		6B3898311522CDE600FB986B /* type_vec1.inl */ = {isa = PBXFileReference; fileEncoding = 4; lastKnownFileType = text; path = type_vec1.inl; sourceTree = "<group>"; };
		6B3898321522CDE600FB986B /* type_vec2.hpp */ = {isa = PBXFileReference; fileEncoding = 4; lastKnownFileType = sourcecode.cpp.h; path = type_vec2.hpp; sourceTree = "<group>"; };
		6B3898331522CDE600FB986B /* type_vec2.inl */ = {isa = PBXFileReference; fileEncoding = 4; lastKnownFileType = text; path = type_vec2.inl; sourceTree = "<group>"; };
		6B3898341522CDE600FB986B /* type_vec3.hpp */ = {isa = PBXFileReference; fileEncoding = 4; lastKnownFileType = sourcecode.cpp.h; path = type_vec3.hpp; sourceTree = "<group>"; };
		6B3898351522CDE600FB986B /* type_vec3.inl */ = {isa = PBXFileReference; fileEncoding = 4; lastKnownFileType = text; path = type_vec3.inl; sourceTree = "<group>"; };
		6B3898361522CDE600FB986B /* type_vec4.hpp */ = {isa = PBXFileReference; fileEncoding = 4; lastKnownFileType = sourcecode.cpp.h; path = type_vec4.hpp; sourceTree = "<group>"; };
		6B3898371522CDE600FB986B /* type_vec4.inl */ = {isa = PBXFileReference; fileEncoding = 4; lastKnownFileType = text; path = type_vec4.inl; sourceTree = "<group>"; };
		6B3898381522CDE600FB986B /* ext.hpp */ = {isa = PBXFileReference; fileEncoding = 4; lastKnownFileType = sourcecode.cpp.h; path = ext.hpp; sourceTree = "<group>"; };
		6B3898391522CDE600FB986B /* glm.hpp */ = {isa = PBXFileReference; fileEncoding = 4; lastKnownFileType = sourcecode.cpp.h; path = glm.hpp; sourceTree = "<group>"; };
		6B38983B1522CDE600FB986B /* half_float.hpp */ = {isa = PBXFileReference; fileEncoding = 4; lastKnownFileType = sourcecode.cpp.h; path = half_float.hpp; sourceTree = "<group>"; };
		6B38983C1522CDE600FB986B /* half_float.inl */ = {isa = PBXFileReference; fileEncoding = 4; lastKnownFileType = text; path = half_float.inl; sourceTree = "<group>"; };
		6B38983D1522CDE600FB986B /* matrix_access.hpp */ = {isa = PBXFileReference; fileEncoding = 4; lastKnownFileType = sourcecode.cpp.h; path = matrix_access.hpp; sourceTree = "<group>"; };
		6B38983E1522CDE600FB986B /* matrix_access.inl */ = {isa = PBXFileReference; fileEncoding = 4; lastKnownFileType = text; path = matrix_access.inl; sourceTree = "<group>"; };
		6B38983F1522CDE600FB986B /* matrix_integer.hpp */ = {isa = PBXFileReference; fileEncoding = 4; lastKnownFileType = sourcecode.cpp.h; path = matrix_integer.hpp; sourceTree = "<group>"; };
		6B3898401522CDE600FB986B /* matrix_inverse.hpp */ = {isa = PBXFileReference; fileEncoding = 4; lastKnownFileType = sourcecode.cpp.h; path = matrix_inverse.hpp; sourceTree = "<group>"; };
		6B3898411522CDE600FB986B /* matrix_inverse.inl */ = {isa = PBXFileReference; fileEncoding = 4; lastKnownFileType = text; path = matrix_inverse.inl; sourceTree = "<group>"; };
		6B3898421522CDE600FB986B /* matrix_transform.hpp */ = {isa = PBXFileReference; fileEncoding = 4; lastKnownFileType = sourcecode.cpp.h; path = matrix_transform.hpp; sourceTree = "<group>"; };
		6B3898431522CDE600FB986B /* matrix_transform.inl */ = {isa = PBXFileReference; fileEncoding = 4; lastKnownFileType = text; path = matrix_transform.inl; sourceTree = "<group>"; };
		6B3898441522CDE600FB986B /* quaternion.hpp */ = {isa = PBXFileReference; fileEncoding = 4; lastKnownFileType = sourcecode.cpp.h; path = quaternion.hpp; sourceTree = "<group>"; };
		6B3898451522CDE600FB986B /* quaternion.inl */ = {isa = PBXFileReference; fileEncoding = 4; lastKnownFileType = text; path = quaternion.inl; sourceTree = "<group>"; };
		6B3898461522CDE600FB986B /* swizzle.hpp */ = {isa = PBXFileReference; fileEncoding = 4; lastKnownFileType = sourcecode.cpp.h; path = swizzle.hpp; sourceTree = "<group>"; };
		6B3898471522CDE600FB986B /* swizzle.inl */ = {isa = PBXFileReference; fileEncoding = 4; lastKnownFileType = text; path = swizzle.inl; sourceTree = "<group>"; };
		6B3898481522CDE600FB986B /* type_precision.hpp */ = {isa = PBXFileReference; fileEncoding = 4; lastKnownFileType = sourcecode.cpp.h; path = type_precision.hpp; sourceTree = "<group>"; };
		6B3898491522CDE600FB986B /* type_precision.inl */ = {isa = PBXFileReference; fileEncoding = 4; lastKnownFileType = text; path = type_precision.inl; sourceTree = "<group>"; };
		6B38984A1522CDE600FB986B /* type_ptr.hpp */ = {isa = PBXFileReference; fileEncoding = 4; lastKnownFileType = sourcecode.cpp.h; path = type_ptr.hpp; sourceTree = "<group>"; };
		6B38984B1522CDE600FB986B /* type_ptr.inl */ = {isa = PBXFileReference; fileEncoding = 4; lastKnownFileType = text; path = type_ptr.inl; sourceTree = "<group>"; };
		6B38984D1522CDE600FB986B /* associated_min_max.hpp */ = {isa = PBXFileReference; fileEncoding = 4; lastKnownFileType = sourcecode.cpp.h; path = associated_min_max.hpp; sourceTree = "<group>"; };
		6B38984E1522CDE600FB986B /* associated_min_max.inl */ = {isa = PBXFileReference; fileEncoding = 4; lastKnownFileType = text; path = associated_min_max.inl; sourceTree = "<group>"; };
		6B38984F1522CDE600FB986B /* bit.hpp */ = {isa = PBXFileReference; fileEncoding = 4; lastKnownFileType = sourcecode.cpp.h; path = bit.hpp; sourceTree = "<group>"; };
		6B3898501522CDE600FB986B /* bit.inl */ = {isa = PBXFileReference; fileEncoding = 4; lastKnownFileType = text; path = bit.inl; sourceTree = "<group>"; };
		6B3898511522CDE600FB986B /* closest_point.hpp */ = {isa = PBXFileReference; fileEncoding = 4; lastKnownFileType = sourcecode.cpp.h; path = closest_point.hpp; sourceTree = "<group>"; };
		6B3898521522CDE600FB986B /* closest_point.inl */ = {isa = PBXFileReference; fileEncoding = 4; lastKnownFileType = text; path = closest_point.inl; sourceTree = "<group>"; };
		6B3898531522CDE600FB986B /* color_cast.hpp */ = {isa = PBXFileReference; fileEncoding = 4; lastKnownFileType = sourcecode.cpp.h; path = color_cast.hpp; sourceTree = "<group>"; };
		6B3898541522CDE600FB986B /* color_cast.inl */ = {isa = PBXFileReference; fileEncoding = 4; lastKnownFileType = text; path = color_cast.inl; sourceTree = "<group>"; };
		6B3898551522CDE600FB986B /* color_space.hpp */ = {isa = PBXFileReference; fileEncoding = 4; lastKnownFileType = sourcecode.cpp.h; path = color_space.hpp; sourceTree = "<group>"; };
		6B3898561522CDE600FB986B /* color_space.inl */ = {isa = PBXFileReference; fileEncoding = 4; lastKnownFileType = text; path = color_space.inl; sourceTree = "<group>"; };
		6B3898571522CDE600FB986B /* color_space_YCoCg.hpp */ = {isa = PBXFileReference; fileEncoding = 4; lastKnownFileType = sourcecode.cpp.h; path = color_space_YCoCg.hpp; sourceTree = "<group>"; };
		6B3898581522CDE600FB986B /* color_space_YCoCg.inl */ = {isa = PBXFileReference; fileEncoding = 4; lastKnownFileType = text; path = color_space_YCoCg.inl; sourceTree = "<group>"; };
		6B3898591522CDE600FB986B /* compatibility.hpp */ = {isa = PBXFileReference; fileEncoding = 4; lastKnownFileType = sourcecode.cpp.h; path = compatibility.hpp; sourceTree = "<group>"; };
		6B38985A1522CDE600FB986B /* compatibility.inl */ = {isa = PBXFileReference; fileEncoding = 4; lastKnownFileType = text; path = compatibility.inl; sourceTree = "<group>"; };
		6B38985B1522CDE600FB986B /* component_wise.hpp */ = {isa = PBXFileReference; fileEncoding = 4; lastKnownFileType = sourcecode.cpp.h; path = component_wise.hpp; sourceTree = "<group>"; };
		6B38985C1522CDE600FB986B /* component_wise.inl */ = {isa = PBXFileReference; fileEncoding = 4; lastKnownFileType = text; path = component_wise.inl; sourceTree = "<group>"; };
		6B38985D1522CDE600FB986B /* epsilon.hpp */ = {isa = PBXFileReference; fileEncoding = 4; lastKnownFileType = sourcecode.cpp.h; path = epsilon.hpp; sourceTree = "<group>"; };
		6B38985E1522CDE600FB986B /* epsilon.inl */ = {isa = PBXFileReference; fileEncoding = 4; lastKnownFileType = text; path = epsilon.inl; sourceTree = "<group>"; };
		6B38985F1522CDE600FB986B /* euler_angles.hpp */ = {isa = PBXFileReference; fileEncoding = 4; lastKnownFileType = sourcecode.cpp.h; path = euler_angles.hpp; sourceTree = "<group>"; };
		6B3898601522CDE600FB986B /* euler_angles.inl */ = {isa = PBXFileReference; fileEncoding = 4; lastKnownFileType = text; path = euler_angles.inl; sourceTree = "<group>"; };
		6B3898611522CDE600FB986B /* extend.hpp */ = {isa = PBXFileReference; fileEncoding = 4; lastKnownFileType = sourcecode.cpp.h; path = extend.hpp; sourceTree = "<group>"; };
		6B3898621522CDE600FB986B /* extend.inl */ = {isa = PBXFileReference; fileEncoding = 4; lastKnownFileType = text; path = extend.inl; sourceTree = "<group>"; };
		6B3898631522CDE600FB986B /* extented_min_max.hpp */ = {isa = PBXFileReference; fileEncoding = 4; lastKnownFileType = sourcecode.cpp.h; path = extented_min_max.hpp; sourceTree = "<group>"; };
		6B3898641522CDE600FB986B /* extented_min_max.inl */ = {isa = PBXFileReference; fileEncoding = 4; lastKnownFileType = text; path = extented_min_max.inl; sourceTree = "<group>"; };
		6B3898651522CDE600FB986B /* fast_exponential.hpp */ = {isa = PBXFileReference; fileEncoding = 4; lastKnownFileType = sourcecode.cpp.h; path = fast_exponential.hpp; sourceTree = "<group>"; };
		6B3898661522CDE600FB986B /* fast_exponential.inl */ = {isa = PBXFileReference; fileEncoding = 4; lastKnownFileType = text; path = fast_exponential.inl; sourceTree = "<group>"; };
		6B3898671522CDE600FB986B /* fast_square_root.hpp */ = {isa = PBXFileReference; fileEncoding = 4; lastKnownFileType = sourcecode.cpp.h; path = fast_square_root.hpp; sourceTree = "<group>"; };
		6B3898681522CDE600FB986B /* fast_square_root.inl */ = {isa = PBXFileReference; fileEncoding = 4; lastKnownFileType = text; path = fast_square_root.inl; sourceTree = "<group>"; };
		6B3898691522CDE600FB986B /* fast_trigonometry.hpp */ = {isa = PBXFileReference; fileEncoding = 4; lastKnownFileType = sourcecode.cpp.h; path = fast_trigonometry.hpp; sourceTree = "<group>"; };
		6B38986A1522CDE600FB986B /* fast_trigonometry.inl */ = {isa = PBXFileReference; fileEncoding = 4; lastKnownFileType = text; path = fast_trigonometry.inl; sourceTree = "<group>"; };
		6B38986B1522CDE600FB986B /* gradient_paint.hpp */ = {isa = PBXFileReference; fileEncoding = 4; lastKnownFileType = sourcecode.cpp.h; path = gradient_paint.hpp; sourceTree = "<group>"; };
		6B38986C1522CDE600FB986B /* gradient_paint.inl */ = {isa = PBXFileReference; fileEncoding = 4; lastKnownFileType = text; path = gradient_paint.inl; sourceTree = "<group>"; };
		6B38986D1522CDE600FB986B /* handed_coordinate_space.hpp */ = {isa = PBXFileReference; fileEncoding = 4; lastKnownFileType = sourcecode.cpp.h; path = handed_coordinate_space.hpp; sourceTree = "<group>"; };
		6B38986E1522CDE600FB986B /* handed_coordinate_space.inl */ = {isa = PBXFileReference; fileEncoding = 4; lastKnownFileType = text; path = handed_coordinate_space.inl; sourceTree = "<group>"; };
		6B38986F1522CDE600FB986B /* inertia.hpp */ = {isa = PBXFileReference; fileEncoding = 4; lastKnownFileType = sourcecode.cpp.h; path = inertia.hpp; sourceTree = "<group>"; };
		6B3898701522CDE600FB986B /* inertia.inl */ = {isa = PBXFileReference; fileEncoding = 4; lastKnownFileType = text; path = inertia.inl; sourceTree = "<group>"; };
		6B3898711522CDE600FB986B /* int_10_10_10_2.hpp */ = {isa = PBXFileReference; fileEncoding = 4; lastKnownFileType = sourcecode.cpp.h; path = int_10_10_10_2.hpp; sourceTree = "<group>"; };
		6B3898721522CDE600FB986B /* int_10_10_10_2.inl */ = {isa = PBXFileReference; fileEncoding = 4; lastKnownFileType = text; path = int_10_10_10_2.inl; sourceTree = "<group>"; };
		6B3898731522CDE600FB986B /* integer.hpp */ = {isa = PBXFileReference; fileEncoding = 4; lastKnownFileType = sourcecode.cpp.h; path = integer.hpp; sourceTree = "<group>"; };
		6B3898741522CDE600FB986B /* integer.inl */ = {isa = PBXFileReference; fileEncoding = 4; lastKnownFileType = text; path = integer.inl; sourceTree = "<group>"; };
		6B3898751522CDE600FB986B /* intersect.hpp */ = {isa = PBXFileReference; fileEncoding = 4; lastKnownFileType = sourcecode.cpp.h; path = intersect.hpp; sourceTree = "<group>"; };
		6B3898761522CDE600FB986B /* intersect.inl */ = {isa = PBXFileReference; fileEncoding = 4; lastKnownFileType = text; path = intersect.inl; sourceTree = "<group>"; };
		6B3898771522CDE600FB986B /* log_base.hpp */ = {isa = PBXFileReference; fileEncoding = 4; lastKnownFileType = sourcecode.cpp.h; path = log_base.hpp; sourceTree = "<group>"; };
		6B3898781522CDE600FB986B /* log_base.inl */ = {isa = PBXFileReference; fileEncoding = 4; lastKnownFileType = text; path = log_base.inl; sourceTree = "<group>"; };
		6B3898791522CDE600FB986B /* matrix_cross_product.hpp */ = {isa = PBXFileReference; fileEncoding = 4; lastKnownFileType = sourcecode.cpp.h; path = matrix_cross_product.hpp; sourceTree = "<group>"; };
		6B38987A1522CDE600FB986B /* matrix_cross_product.inl */ = {isa = PBXFileReference; fileEncoding = 4; lastKnownFileType = text; path = matrix_cross_product.inl; sourceTree = "<group>"; };
		6B38987B1522CDE600FB986B /* matrix_interpolation.hpp */ = {isa = PBXFileReference; fileEncoding = 4; lastKnownFileType = sourcecode.cpp.h; path = matrix_interpolation.hpp; sourceTree = "<group>"; };
		6B38987C1522CDE600FB986B /* matrix_interpolation.inl */ = {isa = PBXFileReference; fileEncoding = 4; lastKnownFileType = text; path = matrix_interpolation.inl; sourceTree = "<group>"; };
		6B38987D1522CDE600FB986B /* matrix_major_storage.hpp */ = {isa = PBXFileReference; fileEncoding = 4; lastKnownFileType = sourcecode.cpp.h; path = matrix_major_storage.hpp; sourceTree = "<group>"; };
		6B38987E1522CDE600FB986B /* matrix_major_storage.inl */ = {isa = PBXFileReference; fileEncoding = 4; lastKnownFileType = text; path = matrix_major_storage.inl; sourceTree = "<group>"; };
		6B38987F1522CDE600FB986B /* matrix_operation.hpp */ = {isa = PBXFileReference; fileEncoding = 4; lastKnownFileType = sourcecode.cpp.h; path = matrix_operation.hpp; sourceTree = "<group>"; };
		6B3898801522CDE600FB986B /* matrix_operation.inl */ = {isa = PBXFileReference; fileEncoding = 4; lastKnownFileType = text; path = matrix_operation.inl; sourceTree = "<group>"; };
		6B3898811522CDE600FB986B /* matrix_query.hpp */ = {isa = PBXFileReference; fileEncoding = 4; lastKnownFileType = sourcecode.cpp.h; path = matrix_query.hpp; sourceTree = "<group>"; };
		6B3898821522CDE600FB986B /* matrix_query.inl */ = {isa = PBXFileReference; fileEncoding = 4; lastKnownFileType = text; path = matrix_query.inl; sourceTree = "<group>"; };
		6B3898831522CDE600FB986B /* mixed_product.hpp */ = {isa = PBXFileReference; fileEncoding = 4; lastKnownFileType = sourcecode.cpp.h; path = mixed_product.hpp; sourceTree = "<group>"; };
		6B3898841522CDE600FB986B /* mixed_product.inl */ = {isa = PBXFileReference; fileEncoding = 4; lastKnownFileType = text; path = mixed_product.inl; sourceTree = "<group>"; };
		6B3898851522CDE600FB986B /* multiple.hpp */ = {isa = PBXFileReference; fileEncoding = 4; lastKnownFileType = sourcecode.cpp.h; path = multiple.hpp; sourceTree = "<group>"; };
		6B3898861522CDE600FB986B /* multiple.inl */ = {isa = PBXFileReference; fileEncoding = 4; lastKnownFileType = text; path = multiple.inl; sourceTree = "<group>"; };
		6B3898871522CDE600FB986B /* noise.hpp */ = {isa = PBXFileReference; fileEncoding = 4; lastKnownFileType = sourcecode.cpp.h; path = noise.hpp; sourceTree = "<group>"; };
		6B3898881522CDE600FB986B /* noise.inl */ = {isa = PBXFileReference; fileEncoding = 4; lastKnownFileType = text; path = noise.inl; sourceTree = "<group>"; };
		6B3898891522CDE600FB986B /* norm.hpp */ = {isa = PBXFileReference; fileEncoding = 4; lastKnownFileType = sourcecode.cpp.h; path = norm.hpp; sourceTree = "<group>"; };
		6B38988A1522CDE600FB986B /* norm.inl */ = {isa = PBXFileReference; fileEncoding = 4; lastKnownFileType = text; path = norm.inl; sourceTree = "<group>"; };
		6B38988B1522CDE600FB986B /* normal.hpp */ = {isa = PBXFileReference; fileEncoding = 4; lastKnownFileType = sourcecode.cpp.h; path = normal.hpp; sourceTree = "<group>"; };
		6B38988C1522CDE600FB986B /* normal.inl */ = {isa = PBXFileReference; fileEncoding = 4; lastKnownFileType = text; path = normal.inl; sourceTree = "<group>"; };
		6B38988D1522CDE600FB986B /* normalize_dot.hpp */ = {isa = PBXFileReference; fileEncoding = 4; lastKnownFileType = sourcecode.cpp.h; path = normalize_dot.hpp; sourceTree = "<group>"; };
		6B38988E1522CDE600FB986B /* normalize_dot.inl */ = {isa = PBXFileReference; fileEncoding = 4; lastKnownFileType = text; path = normalize_dot.inl; sourceTree = "<group>"; };
		6B38988F1522CDE600FB986B /* number_precision.hpp */ = {isa = PBXFileReference; fileEncoding = 4; lastKnownFileType = sourcecode.cpp.h; path = number_precision.hpp; sourceTree = "<group>"; };
		6B3898901522CDE600FB986B /* number_precision.inl */ = {isa = PBXFileReference; fileEncoding = 4; lastKnownFileType = text; path = number_precision.inl; sourceTree = "<group>"; };
		6B3898911522CDE600FB986B /* ocl_type.hpp */ = {isa = PBXFileReference; fileEncoding = 4; lastKnownFileType = sourcecode.cpp.h; path = ocl_type.hpp; sourceTree = "<group>"; };
		6B3898921522CDE600FB986B /* ocl_type.inl */ = {isa = PBXFileReference; fileEncoding = 4; lastKnownFileType = text; path = ocl_type.inl; sourceTree = "<group>"; };
		6B3898931522CDE600FB986B /* optimum_pow.hpp */ = {isa = PBXFileReference; fileEncoding = 4; lastKnownFileType = sourcecode.cpp.h; path = optimum_pow.hpp; sourceTree = "<group>"; };
		6B3898941522CDE600FB986B /* optimum_pow.inl */ = {isa = PBXFileReference; fileEncoding = 4; lastKnownFileType = text; path = optimum_pow.inl; sourceTree = "<group>"; };
		6B3898951522CDE600FB986B /* orthonormalize.hpp */ = {isa = PBXFileReference; fileEncoding = 4; lastKnownFileType = sourcecode.cpp.h; path = orthonormalize.hpp; sourceTree = "<group>"; };
		6B3898961522CDE600FB986B /* orthonormalize.inl */ = {isa = PBXFileReference; fileEncoding = 4; lastKnownFileType = text; path = orthonormalize.inl; sourceTree = "<group>"; };
		6B3898971522CDE600FB986B /* perpendicular.hpp */ = {isa = PBXFileReference; fileEncoding = 4; lastKnownFileType = sourcecode.cpp.h; path = perpendicular.hpp; sourceTree = "<group>"; };
		6B3898981522CDE600FB986B /* perpendicular.inl */ = {isa = PBXFileReference; fileEncoding = 4; lastKnownFileType = text; path = perpendicular.inl; sourceTree = "<group>"; };
		6B3898991522CDE600FB986B /* polar_coordinates.hpp */ = {isa = PBXFileReference; fileEncoding = 4; lastKnownFileType = sourcecode.cpp.h; path = polar_coordinates.hpp; sourceTree = "<group>"; };
		6B38989A1522CDE600FB986B /* polar_coordinates.inl */ = {isa = PBXFileReference; fileEncoding = 4; lastKnownFileType = text; path = polar_coordinates.inl; sourceTree = "<group>"; };
		6B38989B1522CDE600FB986B /* projection.hpp */ = {isa = PBXFileReference; fileEncoding = 4; lastKnownFileType = sourcecode.cpp.h; path = projection.hpp; sourceTree = "<group>"; };
		6B38989C1522CDE600FB986B /* projection.inl */ = {isa = PBXFileReference; fileEncoding = 4; lastKnownFileType = text; path = projection.inl; sourceTree = "<group>"; };
		6B38989D1522CDE600FB986B /* quaternion.hpp */ = {isa = PBXFileReference; fileEncoding = 4; lastKnownFileType = sourcecode.cpp.h; path = quaternion.hpp; sourceTree = "<group>"; };
		6B38989E1522CDE600FB986B /* quaternion.inl */ = {isa = PBXFileReference; fileEncoding = 4; lastKnownFileType = text; path = quaternion.inl; sourceTree = "<group>"; };
		6B38989F1522CDE600FB986B /* random.hpp */ = {isa = PBXFileReference; fileEncoding = 4; lastKnownFileType = sourcecode.cpp.h; path = random.hpp; sourceTree = "<group>"; };
		6B3898A01522CDE600FB986B /* random.inl */ = {isa = PBXFileReference; fileEncoding = 4; lastKnownFileType = text; path = random.inl; sourceTree = "<group>"; };
		6B3898A11522CDE600FB986B /* raw_data.hpp */ = {isa = PBXFileReference; fileEncoding = 4; lastKnownFileType = sourcecode.cpp.h; path = raw_data.hpp; sourceTree = "<group>"; };
		6B3898A21522CDE600FB986B /* raw_data.inl */ = {isa = PBXFileReference; fileEncoding = 4; lastKnownFileType = text; path = raw_data.inl; sourceTree = "<group>"; };
		6B3898A31522CDE600FB986B /* reciprocal.hpp */ = {isa = PBXFileReference; fileEncoding = 4; lastKnownFileType = sourcecode.cpp.h; path = reciprocal.hpp; sourceTree = "<group>"; };
		6B3898A41522CDE600FB986B /* reciprocal.inl */ = {isa = PBXFileReference; fileEncoding = 4; lastKnownFileType = text; path = reciprocal.inl; sourceTree = "<group>"; };
		6B3898A51522CDE600FB986B /* rotate_vector.hpp */ = {isa = PBXFileReference; fileEncoding = 4; lastKnownFileType = sourcecode.cpp.h; path = rotate_vector.hpp; sourceTree = "<group>"; };
		6B3898A61522CDE600FB986B /* rotate_vector.inl */ = {isa = PBXFileReference; fileEncoding = 4; lastKnownFileType = text; path = rotate_vector.inl; sourceTree = "<group>"; };
		6B3898A71522CDE600FB986B /* simd_mat4.hpp */ = {isa = PBXFileReference; fileEncoding = 4; lastKnownFileType = sourcecode.cpp.h; path = simd_mat4.hpp; sourceTree = "<group>"; };
		6B3898A81522CDE600FB986B /* simd_mat4.inl */ = {isa = PBXFileReference; fileEncoding = 4; lastKnownFileType = text; path = simd_mat4.inl; sourceTree = "<group>"; };
		6B3898A91522CDE600FB986B /* simd_vec4.hpp */ = {isa = PBXFileReference; fileEncoding = 4; lastKnownFileType = sourcecode.cpp.h; path = simd_vec4.hpp; sourceTree = "<group>"; };
		6B3898AA1522CDE600FB986B /* simd_vec4.inl */ = {isa = PBXFileReference; fileEncoding = 4; lastKnownFileType = text; path = simd_vec4.inl; sourceTree = "<group>"; };
		6B3898AB1522CDE600FB986B /* simplex.hpp */ = {isa = PBXFileReference; fileEncoding = 4; lastKnownFileType = sourcecode.cpp.h; path = simplex.hpp; sourceTree = "<group>"; };
		6B3898AC1522CDE600FB986B /* simplex.inl */ = {isa = PBXFileReference; fileEncoding = 4; lastKnownFileType = text; path = simplex.inl; sourceTree = "<group>"; };
		6B3898AD1522CDE600FB986B /* spline.hpp */ = {isa = PBXFileReference; fileEncoding = 4; lastKnownFileType = sourcecode.cpp.h; path = spline.hpp; sourceTree = "<group>"; };
		6B3898AE1522CDE600FB986B /* spline.inl */ = {isa = PBXFileReference; fileEncoding = 4; lastKnownFileType = text; path = spline.inl; sourceTree = "<group>"; };
		6B3898AF1522CDE600FB986B /* std_based_type.hpp */ = {isa = PBXFileReference; fileEncoding = 4; lastKnownFileType = sourcecode.cpp.h; path = std_based_type.hpp; sourceTree = "<group>"; };
		6B3898B01522CDE600FB986B /* std_based_type.inl */ = {isa = PBXFileReference; fileEncoding = 4; lastKnownFileType = text; path = std_based_type.inl; sourceTree = "<group>"; };
		6B3898B11522CDE600FB986B /* string_cast.hpp */ = {isa = PBXFileReference; fileEncoding = 4; lastKnownFileType = sourcecode.cpp.h; path = string_cast.hpp; sourceTree = "<group>"; };
		6B3898B21522CDE600FB986B /* string_cast.inl */ = {isa = PBXFileReference; fileEncoding = 4; lastKnownFileType = text; path = string_cast.inl; sourceTree = "<group>"; };
		6B3898B31522CDE600FB986B /* transform.hpp */ = {isa = PBXFileReference; fileEncoding = 4; lastKnownFileType = sourcecode.cpp.h; path = transform.hpp; sourceTree = "<group>"; };
		6B3898B41522CDE600FB986B /* transform.inl */ = {isa = PBXFileReference; fileEncoding = 4; lastKnownFileType = text; path = transform.inl; sourceTree = "<group>"; };
		6B3898B51522CDE600FB986B /* transform2.hpp */ = {isa = PBXFileReference; fileEncoding = 4; lastKnownFileType = sourcecode.cpp.h; path = transform2.hpp; sourceTree = "<group>"; };
		6B3898B61522CDE600FB986B /* transform2.inl */ = {isa = PBXFileReference; fileEncoding = 4; lastKnownFileType = text; path = transform2.inl; sourceTree = "<group>"; };
		6B3898B71522CDE600FB986B /* ulp.hpp */ = {isa = PBXFileReference; fileEncoding = 4; lastKnownFileType = sourcecode.cpp.h; path = ulp.hpp; sourceTree = "<group>"; };
		6B3898B81522CDE600FB986B /* ulp.inl */ = {isa = PBXFileReference; fileEncoding = 4; lastKnownFileType = text; path = ulp.inl; sourceTree = "<group>"; };
		6B3898B91522CDE600FB986B /* unsigned_int.hpp */ = {isa = PBXFileReference; fileEncoding = 4; lastKnownFileType = sourcecode.cpp.h; path = unsigned_int.hpp; sourceTree = "<group>"; };
		6B3898BA1522CDE600FB986B /* unsigned_int.inl */ = {isa = PBXFileReference; fileEncoding = 4; lastKnownFileType = text; path = unsigned_int.inl; sourceTree = "<group>"; };
		6B3898BB1522CDE600FB986B /* vec1.hpp */ = {isa = PBXFileReference; fileEncoding = 4; lastKnownFileType = sourcecode.cpp.h; path = vec1.hpp; sourceTree = "<group>"; };
		6B3898BC1522CDE600FB986B /* vec1.inl */ = {isa = PBXFileReference; fileEncoding = 4; lastKnownFileType = text; path = vec1.inl; sourceTree = "<group>"; };
		6B3898BD1522CDE600FB986B /* vector_access.hpp */ = {isa = PBXFileReference; fileEncoding = 4; lastKnownFileType = sourcecode.cpp.h; path = vector_access.hpp; sourceTree = "<group>"; };
		6B3898BE1522CDE600FB986B /* vector_access.inl */ = {isa = PBXFileReference; fileEncoding = 4; lastKnownFileType = text; path = vector_access.inl; sourceTree = "<group>"; };
		6B3898BF1522CDE600FB986B /* vector_angle.hpp */ = {isa = PBXFileReference; fileEncoding = 4; lastKnownFileType = sourcecode.cpp.h; path = vector_angle.hpp; sourceTree = "<group>"; };
		6B3898C01522CDE600FB986B /* vector_angle.inl */ = {isa = PBXFileReference; fileEncoding = 4; lastKnownFileType = text; path = vector_angle.inl; sourceTree = "<group>"; };
		6B3898C11522CDE600FB986B /* vector_query.hpp */ = {isa = PBXFileReference; fileEncoding = 4; lastKnownFileType = sourcecode.cpp.h; path = vector_query.hpp; sourceTree = "<group>"; };
		6B3898C21522CDE600FB986B /* vector_query.inl */ = {isa = PBXFileReference; fileEncoding = 4; lastKnownFileType = text; path = vector_query.inl; sourceTree = "<group>"; };
		6B3898C31522CDE600FB986B /* verbose_operator.hpp */ = {isa = PBXFileReference; fileEncoding = 4; lastKnownFileType = sourcecode.cpp.h; path = verbose_operator.hpp; sourceTree = "<group>"; };
		6B3898C41522CDE600FB986B /* verbose_operator.inl */ = {isa = PBXFileReference; fileEncoding = 4; lastKnownFileType = text; path = verbose_operator.inl; sourceTree = "<group>"; };
		6B3898C51522CDE600FB986B /* wrap.hpp */ = {isa = PBXFileReference; fileEncoding = 4; lastKnownFileType = sourcecode.cpp.h; path = wrap.hpp; sourceTree = "<group>"; };
		6B3898C61522CDE600FB986B /* wrap.inl */ = {isa = PBXFileReference; fileEncoding = 4; lastKnownFileType = text; path = wrap.inl; sourceTree = "<group>"; };
		6B3898C81522CDE600FB986B /* xstream.hpp */ = {isa = PBXFileReference; fileEncoding = 4; lastKnownFileType = sourcecode.cpp.h; path = xstream.hpp; sourceTree = "<group>"; };
		6B81813D1521901B00FA56BF /* MultiFluid */ = {isa = PBXFileReference; explicitFileType = "compiled.mach-o.executable"; includeInIndex = 0; path = MultiFluid; sourceTree = BUILT_PRODUCTS_DIR; };
		6B8181411521901B00FA56BF /* main.cpp */ = {isa = PBXFileReference; lastKnownFileType = sourcecode.cpp.cpp; path = main.cpp; sourceTree = "<group>"; };
		6B8181431521901B00FA56BF /* MultiFluid.1 */ = {isa = PBXFileReference; lastKnownFileType = text.man; path = MultiFluid.1; sourceTree = "<group>"; };
		6B8181501521914C00FA56BF /* array2.h */ = {isa = PBXFileReference; fileEncoding = 4; lastKnownFileType = sourcecode.c.h; path = array2.h; sourceTree = "<group>"; };
		6B8181511521914C00FA56BF /* array3_utils.h */ = {isa = PBXFileReference; fileEncoding = 4; lastKnownFileType = sourcecode.c.h; path = array3_utils.h; sourceTree = "<group>"; };
		6B8181521521914C00FA56BF /* array3.h */ = {isa = PBXFileReference; fileEncoding = 4; lastKnownFileType = sourcecode.c.h; path = array3.h; sourceTree = "<group>"; };
		6B8181531521914C00FA56BF /* fluidsim.cpp */ = {isa = PBXFileReference; fileEncoding = 4; lastKnownFileType = sourcecode.cpp.cpp; path = fluidsim.cpp; sourceTree = "<group>"; };
		6B8181541521914C00FA56BF /* fluidsim.h */ = {isa = PBXFileReference; fileEncoding = 4; lastKnownFileType = sourcecode.c.h; path = fluidsim.h; sourceTree = "<group>"; };
		6B8181551521914C00FA56BF /* levelset_util.cpp */ = {isa = PBXFileReference; fileEncoding = 4; lastKnownFileType = sourcecode.cpp.cpp; path = levelset_util.cpp; sourceTree = "<group>"; };
		6B8181561521914C00FA56BF /* levelset_util.h */ = {isa = PBXFileReference; fileEncoding = 4; lastKnownFileType = sourcecode.c.h; path = levelset_util.h; sourceTree = "<group>"; };
		6B8181581521914C00FA56BF /* util.h */ = {isa = PBXFileReference; fileEncoding = 4; lastKnownFileType = sourcecode.c.h; path = util.h; sourceTree = "<group>"; };
		6B81815F152192D800FA56BF /* blas_wrapper.h */ = {isa = PBXFileReference; fileEncoding = 4; lastKnownFileType = sourcecode.c.h; path = blas_wrapper.h; sourceTree = "<group>"; };
		6B818160152192D800FA56BF /* pcg_solver.h */ = {isa = PBXFileReference; fileEncoding = 4; lastKnownFileType = sourcecode.c.h; path = pcg_solver.h; sourceTree = "<group>"; };
		6B818161152192D800FA56BF /* sparse_matrix.h */ = {isa = PBXFileReference; fileEncoding = 4; lastKnownFileType = sourcecode.c.h; path = sparse_matrix.h; sourceTree = "<group>"; };
		6B818163152192DE00FA56BF /* cgsolver.h */ = {isa = PBXFileReference; fileEncoding = 4; lastKnownFileType = sourcecode.c.h; path = cgsolver.h; sourceTree = "<group>"; };
		6B818164152192DE00FA56BF /* crsolver.h */ = {isa = PBXFileReference; fileEncoding = 4; lastKnownFileType = sourcecode.c.h; path = crsolver.h; sourceTree = "<group>"; };
		6B818167152192DE00FA56BF /* incomplete_qr.cpp */ = {isa = PBXFileReference; fileEncoding = 4; lastKnownFileType = sourcecode.cpp.cpp; path = incomplete_qr.cpp; sourceTree = "<group>"; };
		6B818168152192DE00FA56BF /* incomplete_qr.h */ = {isa = PBXFileReference; fileEncoding = 4; lastKnownFileType = sourcecode.c.h; path = incomplete_qr.h; sourceTree = "<group>"; };
		6B818169152192DE00FA56BF /* sparseilu.h */ = {isa = PBXFileReference; fileEncoding = 4; lastKnownFileType = sourcecode.c.h; path = sparseilu.h; sourceTree = "<group>"; };
		6B81816A152192DE00FA56BF /* sparsematrix.h */ = {isa = PBXFileReference; fileEncoding = 4; lastKnownFileType = sourcecode.c.h; path = sparsematrix.h; sourceTree = "<group>"; };
		6B81816B152192DE00FA56BF /* sparsemilu.h */ = {isa = PBXFileReference; fileEncoding = 4; lastKnownFileType = sourcecode.c.h; path = sparsemilu.h; sourceTree = "<group>"; };
		6BBFF02215225E940031CB40 /* array1.h */ = {isa = PBXFileReference; fileEncoding = 4; lastKnownFileType = sourcecode.c.h; path = array1.h; sourceTree = "<group>"; };
		6BBFF02315225E940031CB40 /* array2_utils.h */ = {isa = PBXFileReference; fileEncoding = 4; lastKnownFileType = sourcecode.c.h; path = array2_utils.h; sourceTree = "<group>"; };
/* End PBXFileReference section */

/* Begin PBXFrameworksBuildPhase section */
		6B81813A1521901B00FA56BF /* Frameworks */ = {
			isa = PBXFrameworksBuildPhase;
			buildActionMask = 2147483647;
			files = (
			);
			runOnlyForDeploymentPostprocessing = 0;
		};
/* End PBXFrameworksBuildPhase section */

/* Begin PBXGroup section */
		6B3897EB1522CDE600FB986B /* glm */ = {
			isa = PBXGroup;
			children = (
				6B3897ED1522CDE600FB986B /* core */,
				6B3898381522CDE600FB986B /* ext.hpp */,
				6B3898391522CDE600FB986B /* glm.hpp */,
				6B38983A1522CDE600FB986B /* gtc */,
				6B38984C1522CDE600FB986B /* gtx */,
				6B3898C71522CDE600FB986B /* virtrev */,
			);
			path = glm;
			sourceTree = "<group>";
		};
		6B3897ED1522CDE600FB986B /* core */ = {
			isa = PBXGroup;
			children = (
				6B3897EE1522CDE600FB986B /* _detail.hpp */,
				6B3897EF1522CDE600FB986B /* _fixes.hpp */,
				6B3897F01522CDE600FB986B /* _swizzle.hpp */,
				6B3897F21522CDE600FB986B /* func_common.hpp */,
				6B3897F31522CDE600FB986B /* func_common.inl */,
				6B3897F41522CDE600FB986B /* func_exponential.hpp */,
				6B3897F51522CDE600FB986B /* func_exponential.inl */,
				6B3897F61522CDE600FB986B /* func_geometric.hpp */,
				6B3897F71522CDE600FB986B /* func_geometric.inl */,
				6B3897F81522CDE600FB986B /* func_integer.hpp */,
				6B3897F91522CDE600FB986B /* func_integer.inl */,
				6B3897FA1522CDE600FB986B /* func_matrix.hpp */,
				6B3897FB1522CDE600FB986B /* func_matrix.inl */,
				6B3897FC1522CDE600FB986B /* func_noise.hpp */,
				6B3897FD1522CDE600FB986B /* func_noise.inl */,
				6B3897FE1522CDE600FB986B /* func_packing.hpp */,
				6B3897FF1522CDE600FB986B /* func_packing.inl */,
				6B3898001522CDE600FB986B /* func_trigonometric.hpp */,
				6B3898011522CDE600FB986B /* func_trigonometric.inl */,
				6B3898021522CDE600FB986B /* func_vector_relational.hpp */,
				6B3898031522CDE600FB986B /* func_vector_relational.inl */,
				6B3898041522CDE600FB986B /* hint.hpp */,
				6B3898051522CDE600FB986B /* intrinsic_common.hpp */,
				6B3898061522CDE600FB986B /* intrinsic_common.inl */,
				6B3898071522CDE600FB986B /* intrinsic_exponential.hpp */,
				6B3898081522CDE600FB986B /* intrinsic_exponential.inl */,
				6B3898091522CDE600FB986B /* intrinsic_geometric.hpp */,
				6B38980A1522CDE600FB986B /* intrinsic_geometric.inl */,
				6B38980B1522CDE600FB986B /* intrinsic_matrix.hpp */,
				6B38980C1522CDE600FB986B /* intrinsic_matrix.inl */,
				6B38980D1522CDE600FB986B /* intrinsic_trigonometric.hpp */,
				6B38980E1522CDE600FB986B /* intrinsic_trigonometric.inl */,
				6B38980F1522CDE600FB986B /* intrinsic_vector_relational.hpp */,
				6B3898101522CDE600FB986B /* intrinsic_vector_relational.inl */,
				6B3898111522CDE600FB986B /* setup.hpp */,
				6B3898121522CDE600FB986B /* type.hpp */,
				6B3898131522CDE600FB986B /* type_float.hpp */,
				6B3898141522CDE600FB986B /* type_gentype.hpp */,
				6B3898151522CDE600FB986B /* type_gentype.inl */,
				6B3898161522CDE600FB986B /* type_half.hpp */,
				6B3898171522CDE600FB986B /* type_half.inl */,
				6B3898181522CDE600FB986B /* type_int.hpp */,
				6B3898191522CDE600FB986B /* type_mat.hpp */,
				6B38981A1522CDE600FB986B /* type_mat.inl */,
				6B38981B1522CDE600FB986B /* type_mat2x2.hpp */,
				6B38981C1522CDE600FB986B /* type_mat2x2.inl */,
				6B38981D1522CDE600FB986B /* type_mat2x3.hpp */,
				6B38981E1522CDE600FB986B /* type_mat2x3.inl */,
				6B38981F1522CDE600FB986B /* type_mat2x4.hpp */,
				6B3898201522CDE600FB986B /* type_mat2x4.inl */,
				6B3898211522CDE600FB986B /* type_mat3x2.hpp */,
				6B3898221522CDE600FB986B /* type_mat3x2.inl */,
				6B3898231522CDE600FB986B /* type_mat3x3.hpp */,
				6B3898241522CDE600FB986B /* type_mat3x3.inl */,
				6B3898251522CDE600FB986B /* type_mat3x4.hpp */,
				6B3898261522CDE600FB986B /* type_mat3x4.inl */,
				6B3898271522CDE600FB986B /* type_mat4x2.hpp */,
				6B3898281522CDE600FB986B /* type_mat4x2.inl */,
				6B3898291522CDE600FB986B /* type_mat4x3.hpp */,
				6B38982A1522CDE600FB986B /* type_mat4x3.inl */,
				6B38982B1522CDE600FB986B /* type_mat4x4.hpp */,
				6B38982C1522CDE600FB986B /* type_mat4x4.inl */,
				6B38982D1522CDE600FB986B /* type_size.hpp */,
				6B38982E1522CDE600FB986B /* type_vec.hpp */,
				6B38982F1522CDE600FB986B /* type_vec.inl */,
				6B3898301522CDE600FB986B /* type_vec1.hpp */,
				6B3898311522CDE600FB986B /* type_vec1.inl */,
				6B3898321522CDE600FB986B /* type_vec2.hpp */,
				6B3898331522CDE600FB986B /* type_vec2.inl */,
				6B3898341522CDE600FB986B /* type_vec3.hpp */,
				6B3898351522CDE600FB986B /* type_vec3.inl */,
				6B3898361522CDE600FB986B /* type_vec4.hpp */,
				6B3898371522CDE600FB986B /* type_vec4.inl */,
			);
			path = core;
			sourceTree = "<group>";
		};
		6B38983A1522CDE600FB986B /* gtc */ = {
			isa = PBXGroup;
			children = (
				6B38983B1522CDE600FB986B /* half_float.hpp */,
				6B38983C1522CDE600FB986B /* half_float.inl */,
				6B38983D1522CDE600FB986B /* matrix_access.hpp */,
				6B38983E1522CDE600FB986B /* matrix_access.inl */,
				6B38983F1522CDE600FB986B /* matrix_integer.hpp */,
				6B3898401522CDE600FB986B /* matrix_inverse.hpp */,
				6B3898411522CDE600FB986B /* matrix_inverse.inl */,
				6B3898421522CDE600FB986B /* matrix_transform.hpp */,
				6B3898431522CDE600FB986B /* matrix_transform.inl */,
				6B3898441522CDE600FB986B /* quaternion.hpp */,
				6B3898451522CDE600FB986B /* quaternion.inl */,
				6B3898461522CDE600FB986B /* swizzle.hpp */,
				6B3898471522CDE600FB986B /* swizzle.inl */,
				6B3898481522CDE600FB986B /* type_precision.hpp */,
				6B3898491522CDE600FB986B /* type_precision.inl */,
				6B38984A1522CDE600FB986B /* type_ptr.hpp */,
				6B38984B1522CDE600FB986B /* type_ptr.inl */,
			);
			path = gtc;
			sourceTree = "<group>";
		};
		6B38984C1522CDE600FB986B /* gtx */ = {
			isa = PBXGroup;
			children = (
				6B38984D1522CDE600FB986B /* associated_min_max.hpp */,
				6B38984E1522CDE600FB986B /* associated_min_max.inl */,
				6B38984F1522CDE600FB986B /* bit.hpp */,
				6B3898501522CDE600FB986B /* bit.inl */,
				6B3898511522CDE600FB986B /* closest_point.hpp */,
				6B3898521522CDE600FB986B /* closest_point.inl */,
				6B3898531522CDE600FB986B /* color_cast.hpp */,
				6B3898541522CDE600FB986B /* color_cast.inl */,
				6B3898551522CDE600FB986B /* color_space.hpp */,
				6B3898561522CDE600FB986B /* color_space.inl */,
				6B3898571522CDE600FB986B /* color_space_YCoCg.hpp */,
				6B3898581522CDE600FB986B /* color_space_YCoCg.inl */,
				6B3898591522CDE600FB986B /* compatibility.hpp */,
				6B38985A1522CDE600FB986B /* compatibility.inl */,
				6B38985B1522CDE600FB986B /* component_wise.hpp */,
				6B38985C1522CDE600FB986B /* component_wise.inl */,
				6B38985D1522CDE600FB986B /* epsilon.hpp */,
				6B38985E1522CDE600FB986B /* epsilon.inl */,
				6B38985F1522CDE600FB986B /* euler_angles.hpp */,
				6B3898601522CDE600FB986B /* euler_angles.inl */,
				6B3898611522CDE600FB986B /* extend.hpp */,
				6B3898621522CDE600FB986B /* extend.inl */,
				6B3898631522CDE600FB986B /* extented_min_max.hpp */,
				6B3898641522CDE600FB986B /* extented_min_max.inl */,
				6B3898651522CDE600FB986B /* fast_exponential.hpp */,
				6B3898661522CDE600FB986B /* fast_exponential.inl */,
				6B3898671522CDE600FB986B /* fast_square_root.hpp */,
				6B3898681522CDE600FB986B /* fast_square_root.inl */,
				6B3898691522CDE600FB986B /* fast_trigonometry.hpp */,
				6B38986A1522CDE600FB986B /* fast_trigonometry.inl */,
				6B38986B1522CDE600FB986B /* gradient_paint.hpp */,
				6B38986C1522CDE600FB986B /* gradient_paint.inl */,
				6B38986D1522CDE600FB986B /* handed_coordinate_space.hpp */,
				6B38986E1522CDE600FB986B /* handed_coordinate_space.inl */,
				6B38986F1522CDE600FB986B /* inertia.hpp */,
				6B3898701522CDE600FB986B /* inertia.inl */,
				6B3898711522CDE600FB986B /* int_10_10_10_2.hpp */,
				6B3898721522CDE600FB986B /* int_10_10_10_2.inl */,
				6B3898731522CDE600FB986B /* integer.hpp */,
				6B3898741522CDE600FB986B /* integer.inl */,
				6B3898751522CDE600FB986B /* intersect.hpp */,
				6B3898761522CDE600FB986B /* intersect.inl */,
				6B3898771522CDE600FB986B /* log_base.hpp */,
				6B3898781522CDE600FB986B /* log_base.inl */,
				6B3898791522CDE600FB986B /* matrix_cross_product.hpp */,
				6B38987A1522CDE600FB986B /* matrix_cross_product.inl */,
				6B38987B1522CDE600FB986B /* matrix_interpolation.hpp */,
				6B38987C1522CDE600FB986B /* matrix_interpolation.inl */,
				6B38987D1522CDE600FB986B /* matrix_major_storage.hpp */,
				6B38987E1522CDE600FB986B /* matrix_major_storage.inl */,
				6B38987F1522CDE600FB986B /* matrix_operation.hpp */,
				6B3898801522CDE600FB986B /* matrix_operation.inl */,
				6B3898811522CDE600FB986B /* matrix_query.hpp */,
				6B3898821522CDE600FB986B /* matrix_query.inl */,
				6B3898831522CDE600FB986B /* mixed_product.hpp */,
				6B3898841522CDE600FB986B /* mixed_product.inl */,
				6B3898851522CDE600FB986B /* multiple.hpp */,
				6B3898861522CDE600FB986B /* multiple.inl */,
				6B3898871522CDE600FB986B /* noise.hpp */,
				6B3898881522CDE600FB986B /* noise.inl */,
				6B3898891522CDE600FB986B /* norm.hpp */,
				6B38988A1522CDE600FB986B /* norm.inl */,
				6B38988B1522CDE600FB986B /* normal.hpp */,
				6B38988C1522CDE600FB986B /* normal.inl */,
				6B38988D1522CDE600FB986B /* normalize_dot.hpp */,
				6B38988E1522CDE600FB986B /* normalize_dot.inl */,
				6B38988F1522CDE600FB986B /* number_precision.hpp */,
				6B3898901522CDE600FB986B /* number_precision.inl */,
				6B3898911522CDE600FB986B /* ocl_type.hpp */,
				6B3898921522CDE600FB986B /* ocl_type.inl */,
				6B3898931522CDE600FB986B /* optimum_pow.hpp */,
				6B3898941522CDE600FB986B /* optimum_pow.inl */,
				6B3898951522CDE600FB986B /* orthonormalize.hpp */,
				6B3898961522CDE600FB986B /* orthonormalize.inl */,
				6B3898971522CDE600FB986B /* perpendicular.hpp */,
				6B3898981522CDE600FB986B /* perpendicular.inl */,
				6B3898991522CDE600FB986B /* polar_coordinates.hpp */,
				6B38989A1522CDE600FB986B /* polar_coordinates.inl */,
				6B38989B1522CDE600FB986B /* projection.hpp */,
				6B38989C1522CDE600FB986B /* projection.inl */,
				6B38989D1522CDE600FB986B /* quaternion.hpp */,
				6B38989E1522CDE600FB986B /* quaternion.inl */,
				6B38989F1522CDE600FB986B /* random.hpp */,
				6B3898A01522CDE600FB986B /* random.inl */,
				6B3898A11522CDE600FB986B /* raw_data.hpp */,
				6B3898A21522CDE600FB986B /* raw_data.inl */,
				6B3898A31522CDE600FB986B /* reciprocal.hpp */,
				6B3898A41522CDE600FB986B /* reciprocal.inl */,
				6B3898A51522CDE600FB986B /* rotate_vector.hpp */,
				6B3898A61522CDE600FB986B /* rotate_vector.inl */,
				6B3898A71522CDE600FB986B /* simd_mat4.hpp */,
				6B3898A81522CDE600FB986B /* simd_mat4.inl */,
				6B3898A91522CDE600FB986B /* simd_vec4.hpp */,
				6B3898AA1522CDE600FB986B /* simd_vec4.inl */,
				6B3898AB1522CDE600FB986B /* simplex.hpp */,
				6B3898AC1522CDE600FB986B /* simplex.inl */,
				6B3898AD1522CDE600FB986B /* spline.hpp */,
				6B3898AE1522CDE600FB986B /* spline.inl */,
				6B3898AF1522CDE600FB986B /* std_based_type.hpp */,
				6B3898B01522CDE600FB986B /* std_based_type.inl */,
				6B3898B11522CDE600FB986B /* string_cast.hpp */,
				6B3898B21522CDE600FB986B /* string_cast.inl */,
				6B3898B31522CDE600FB986B /* transform.hpp */,
				6B3898B41522CDE600FB986B /* transform.inl */,
				6B3898B51522CDE600FB986B /* transform2.hpp */,
				6B3898B61522CDE600FB986B /* transform2.inl */,
				6B3898B71522CDE600FB986B /* ulp.hpp */,
				6B3898B81522CDE600FB986B /* ulp.inl */,
				6B3898B91522CDE600FB986B /* unsigned_int.hpp */,
				6B3898BA1522CDE600FB986B /* unsigned_int.inl */,
				6B3898BB1522CDE600FB986B /* vec1.hpp */,
				6B3898BC1522CDE600FB986B /* vec1.inl */,
				6B3898BD1522CDE600FB986B /* vector_access.hpp */,
				6B3898BE1522CDE600FB986B /* vector_access.inl */,
				6B3898BF1522CDE600FB986B /* vector_angle.hpp */,
				6B3898C01522CDE600FB986B /* vector_angle.inl */,
				6B3898C11522CDE600FB986B /* vector_query.hpp */,
				6B3898C21522CDE600FB986B /* vector_query.inl */,
				6B3898C31522CDE600FB986B /* verbose_operator.hpp */,
				6B3898C41522CDE600FB986B /* verbose_operator.inl */,
				6B3898C51522CDE600FB986B /* wrap.hpp */,
				6B3898C61522CDE600FB986B /* wrap.inl */,
			);
			path = gtx;
			sourceTree = "<group>";
		};
		6B3898C71522CDE600FB986B /* virtrev */ = {
			isa = PBXGroup;
			children = (
				6B3898C81522CDE600FB986B /* xstream.hpp */,
			);
			path = virtrev;
			sourceTree = "<group>";
		};
		6B8181321521901B00FA56BF = {
			isa = PBXGroup;
			children = (
				6B8181401521901B00FA56BF /* MultiFluid */,
				6B81813E1521901B00FA56BF /* Products */,
			);
			sourceTree = "<group>";
		};
		6B81813E1521901B00FA56BF /* Products */ = {
			isa = PBXGroup;
			children = (
				6B81813D1521901B00FA56BF /* MultiFluid */,
			);
			name = Products;
			sourceTree = "<group>";
		};
		6B8181401521901B00FA56BF /* MultiFluid */ = {
			isa = PBXGroup;
			children = (
				6BBFF02215225E940031CB40 /* array1.h */,
				6BBFF02315225E940031CB40 /* array2_utils.h */,
				6B3897EB1522CDE600FB986B /* glm */,
				6B8181501521914C00FA56BF /* array2.h */,
				6B8181511521914C00FA56BF /* array3_utils.h */,
				6B8181521521914C00FA56BF /* array3.h */,
				6B8181531521914C00FA56BF /* fluidsim.cpp */,
				6B8181541521914C00FA56BF /* fluidsim.h */,
				6B8181551521914C00FA56BF /* levelset_util.cpp */,
				6B8181561521914C00FA56BF /* levelset_util.h */,
				6B8181581521914C00FA56BF /* util.h */,
				6B8181411521901B00FA56BF /* main.cpp */,
				6B818162152192DE00FA56BF /* sparse */,
				6B81815E152192D800FA56BF /* pcgsolver */,
				6B8181431521901B00FA56BF /* MultiFluid.1 */,
			);
			path = MultiFluid;
			sourceTree = "<group>";
		};
		6B81815E152192D800FA56BF /* pcgsolver */ = {
			isa = PBXGroup;
			children = (
				6B81815F152192D800FA56BF /* blas_wrapper.h */,
				6B818160152192D800FA56BF /* pcg_solver.h */,
				6B818161152192D800FA56BF /* sparse_matrix.h */,
			);
			path = pcgsolver;
			sourceTree = "<group>";
		};
		6B818162152192DE00FA56BF /* sparse */ = {
			isa = PBXGroup;
			children = (
				6B818163152192DE00FA56BF /* cgsolver.h */,
				6B818164152192DE00FA56BF /* crsolver.h */,
				6B818167152192DE00FA56BF /* incomplete_qr.cpp */,
				6B818168152192DE00FA56BF /* incomplete_qr.h */,
				6B818169152192DE00FA56BF /* sparseilu.h */,
				6B81816A152192DE00FA56BF /* sparsematrix.h */,
				6B81816B152192DE00FA56BF /* sparsemilu.h */,
			);
			path = sparse;
			sourceTree = "<group>";
		};
/* End PBXGroup section */

/* Begin PBXNativeTarget section */
		6B81813C1521901B00FA56BF /* MultiFluid */ = {
			isa = PBXNativeTarget;
			buildConfigurationList = 6B8181471521901B00FA56BF /* Build configuration list for PBXNativeTarget "MultiFluid" */;
			buildPhases = (
				6B8181391521901B00FA56BF /* Sources */,
				6B81813A1521901B00FA56BF /* Frameworks */,
				6B81813B1521901B00FA56BF /* CopyFiles */,
			);
			buildRules = (
			);
			dependencies = (
			);
			name = MultiFluid;
			productName = MultiFluid;
			productReference = 6B81813D1521901B00FA56BF /* MultiFluid */;
			productType = "com.apple.product-type.tool";
		};
/* End PBXNativeTarget section */

/* Begin PBXProject section */
		6B8181341521901B00FA56BF /* Project object */ = {
			isa = PBXProject;
			attributes = {
				LastUpgradeCheck = 0420;
				ORGANIZATIONNAME = "University of Pennsylvania";
			};
			buildConfigurationList = 6B8181371521901B00FA56BF /* Build configuration list for PBXProject "MultiFluid" */;
			compatibilityVersion = "Xcode 3.2";
			developmentRegion = English;
			hasScannedForEncodings = 0;
			knownRegions = (
				en,
			);
			mainGroup = 6B8181321521901B00FA56BF;
			productRefGroup = 6B81813E1521901B00FA56BF /* Products */;
			projectDirPath = "";
			projectRoot = "";
			targets = (
				6B81813C1521901B00FA56BF /* MultiFluid */,
			);
		};
/* End PBXProject section */

/* Begin PBXSourcesBuildPhase section */
		6B8181391521901B00FA56BF /* Sources */ = {
			isa = PBXSourcesBuildPhase;
			buildActionMask = 2147483647;
			files = (
				6B8181421521901B00FA56BF /* main.cpp in Sources */,
				6B81815A1521914C00FA56BF /* fluidsim.cpp in Sources */,
				6B81815B1521914C00FA56BF /* levelset_util.cpp in Sources */,
				6B81816E152192DE00FA56BF /* incomplete_qr.cpp in Sources */,
			);
			runOnlyForDeploymentPostprocessing = 0;
		};
/* End PBXSourcesBuildPhase section */

/* Begin XCBuildConfiguration section */
		6B8181451521901B00FA56BF /* Debug */ = {
			isa = XCBuildConfiguration;
			buildSettings = {
				ALWAYS_SEARCH_USER_PATHS = NO;
				ARCHS = "$(ARCHS_STANDARD_64_BIT)";
				CLANG_ENABLE_OBJC_ARC = YES;
				COPY_PHASE_STRIP = NO;
				GCC_C_LANGUAGE_STANDARD = gnu99;
				GCC_DYNAMIC_NO_PIC = NO;
				GCC_ENABLE_OBJC_EXCEPTIONS = YES;
				GCC_OPTIMIZATION_LEVEL = 0;
				GCC_PREPROCESSOR_DEFINITIONS = (
					"DEBUG=1",
					"$(inherited)",
				);
				GCC_SYMBOLS_PRIVATE_EXTERN = NO;
				GCC_VERSION = com.apple.compilers.llvm.clang.1_0;
				GCC_WARN_64_TO_32_BIT_CONVERSION = YES;
				GCC_WARN_ABOUT_MISSING_PROTOTYPES = YES;
				GCC_WARN_ABOUT_RETURN_TYPE = YES;
				GCC_WARN_UNUSED_VARIABLE = YES;
				MACOSX_DEPLOYMENT_TARGET = 10.7;
				ONLY_ACTIVE_ARCH = YES;
				SDKROOT = macosx;
			};
			name = Debug;
		};
		6B8181461521901B00FA56BF /* Release */ = {
			isa = XCBuildConfiguration;
			buildSettings = {
				ALWAYS_SEARCH_USER_PATHS = NO;
				ARCHS = "$(ARCHS_STANDARD_64_BIT)";
				CLANG_ENABLE_OBJC_ARC = YES;
				COPY_PHASE_STRIP = YES;
				DEBUG_INFORMATION_FORMAT = "dwarf-with-dsym";
				GCC_C_LANGUAGE_STANDARD = gnu99;
				GCC_ENABLE_OBJC_EXCEPTIONS = YES;
				GCC_VERSION = com.apple.compilers.llvm.clang.1_0;
				GCC_WARN_64_TO_32_BIT_CONVERSION = YES;
				GCC_WARN_ABOUT_MISSING_PROTOTYPES = YES;
				GCC_WARN_ABOUT_RETURN_TYPE = YES;
				GCC_WARN_UNUSED_VARIABLE = YES;
				MACOSX_DEPLOYMENT_TARGET = 10.7;
				SDKROOT = macosx;
			};
			name = Release;
		};
		6B8181481521901B00FA56BF /* Debug */ = {
			isa = XCBuildConfiguration;
			buildSettings = {
				PRODUCT_NAME = "$(TARGET_NAME)";
			};
			name = Debug;
		};
		6B8181491521901B00FA56BF /* Release */ = {
			isa = XCBuildConfiguration;
			buildSettings = {
				PRODUCT_NAME = "$(TARGET_NAME)";
			};
			name = Release;
		};
/* End XCBuildConfiguration section */

/* Begin XCConfigurationList section */
		6B8181371521901B00FA56BF /* Build configuration list for PBXProject "MultiFluid" */ = {
			isa = XCConfigurationList;
			buildConfigurations = (
				6B8181451521901B00FA56BF /* Debug */,
				6B8181461521901B00FA56BF /* Release */,
			);
			defaultConfigurationIsVisible = 0;
			defaultConfigurationName = Release;
		};
		6B8181471521901B00FA56BF /* Build configuration list for PBXNativeTarget "MultiFluid" */ = {
			isa = XCConfigurationList;
			buildConfigurations = (
				6B8181481521901B00FA56BF /* Debug */,
				6B8181491521901B00FA56BF /* Release */,
			);
			defaultConfigurationIsVisible = 0;
			defaultConfigurationName = Release;
		};
/* End XCConfigurationList section */
	};
	rootObject = 6B8181341521901B00FA56BF /* Project object */;
}
