// !$*UTF8*$!
{
	archiveVersion = 1;
	classes = {
	};
	objectVersion = 46;
	objects = {

/* Begin PBXBuildFile section */
		6BBFF00115220A7B0031CB40 /* main.cpp in Sources */ = {isa = PBXBuildFile; fileRef = 6BBFF00015220A7B0031CB40 /* main.cpp */; };
		6BBFF00315220A7B0031CB40 /* MultiFluidViewer.1 in CopyFiles */ = {isa = PBXBuildFile; fileRef = 6BBFF00215220A7B0031CB40 /* MultiFluidViewer.1 */; };
		6BBFF01115220B550031CB40 /* gluvi.cpp in Sources */ = {isa = PBXBuildFile; fileRef = 6BBFF00D15220B550031CB40 /* gluvi.cpp */; };
		6BBFF01415220B640031CB40 /* GLUT.framework in Frameworks */ = {isa = PBXBuildFile; fileRef = 6BBFF01315220B640031CB40 /* GLUT.framework */; };
		6BBFF01615220B6A0031CB40 /* OpenGL.framework in Frameworks */ = {isa = PBXBuildFile; fileRef = 6BBFF01515220B6A0031CB40 /* OpenGL.framework */; };
		6BBFF01815220B700031CB40 /* Carbon.framework in Frameworks */ = {isa = PBXBuildFile; fileRef = 6BBFF01715220B700031CB40 /* Carbon.framework */; };
/* End PBXBuildFile section */

/* Begin PBXCopyFilesBuildPhase section */
		6BBFEFFA15220A7B0031CB40 /* CopyFiles */ = {
			isa = PBXCopyFilesBuildPhase;
			buildActionMask = 2147483647;
			dstPath = /usr/share/man/man1/;
			dstSubfolderSpec = 0;
			files = (
				6BBFF00315220A7B0031CB40 /* MultiFluidViewer.1 in CopyFiles */,
			);
			runOnlyForDeploymentPostprocessing = 1;
		};
/* End PBXCopyFilesBuildPhase section */

/* Begin PBXFileReference section */
		6BBFEFFC15220A7B0031CB40 /* MultiFluidViewer */ = {isa = PBXFileReference; explicitFileType = "compiled.mach-o.executable"; includeInIndex = 0; path = MultiFluidViewer; sourceTree = BUILT_PRODUCTS_DIR; };
		6BBFF00015220A7B0031CB40 /* main.cpp */ = {isa = PBXFileReference; lastKnownFileType = sourcecode.cpp.cpp; path = main.cpp; sourceTree = "<group>"; };
		6BBFF00215220A7B0031CB40 /* MultiFluidViewer.1 */ = {isa = PBXFileReference; lastKnownFileType = text.man; path = MultiFluidViewer.1; sourceTree = "<group>"; };
		6BBFF00D15220B550031CB40 /* gluvi.cpp */ = {isa = PBXFileReference; fileEncoding = 4; lastKnownFileType = sourcecode.cpp.cpp; path = gluvi.cpp; sourceTree = "<group>"; };
		6BBFF00E15220B550031CB40 /* gluvi.h */ = {isa = PBXFileReference; fileEncoding = 4; lastKnownFileType = sourcecode.c.h; path = gluvi.h; sourceTree = "<group>"; };
		6BBFF00F15220B550031CB40 /* util.h */ = {isa = PBXFileReference; fileEncoding = 4; lastKnownFileType = sourcecode.c.h; path = util.h; sourceTree = "<group>"; };
		6BBFF01015220B550031CB40 /* vec.h */ = {isa = PBXFileReference; fileEncoding = 4; lastKnownFileType = sourcecode.c.h; path = vec.h; sourceTree = "<group>"; };
		6BBFF01315220B640031CB40 /* GLUT.framework */ = {isa = PBXFileReference; lastKnownFileType = wrapper.framework; name = GLUT.framework; path = System/Library/Frameworks/GLUT.framework; sourceTree = SDKROOT; };
		6BBFF01515220B6A0031CB40 /* OpenGL.framework */ = {isa = PBXFileReference; lastKnownFileType = wrapper.framework; name = OpenGL.framework; path = System/Library/Frameworks/OpenGL.framework; sourceTree = SDKROOT; };
		6BBFF01715220B700031CB40 /* Carbon.framework */ = {isa = PBXFileReference; lastKnownFileType = wrapper.framework; name = Carbon.framework; path = System/Library/Frameworks/Carbon.framework; sourceTree = SDKROOT; };
/* End PBXFileReference section */

/* Begin PBXFrameworksBuildPhase section */
		6BBFEFF915220A7B0031CB40 /* Frameworks */ = {
			isa = PBXFrameworksBuildPhase;
			buildActionMask = 2147483647;
			files = (
				6BBFF01815220B700031CB40 /* Carbon.framework in Frameworks */,
				6BBFF01615220B6A0031CB40 /* OpenGL.framework in Frameworks */,
				6BBFF01415220B640031CB40 /* GLUT.framework in Frameworks */,
			);
			runOnlyForDeploymentPostprocessing = 0;
		};
/* End PBXFrameworksBuildPhase section */

/* Begin PBXGroup section */
		6BBFEFF115220A7A0031CB40 = {
			isa = PBXGroup;
			children = (
				6BBFF01715220B700031CB40 /* Carbon.framework */,
				6BBFF01515220B6A0031CB40 /* OpenGL.framework */,
				6BBFF01315220B640031CB40 /* GLUT.framework */,
				6BBFEFFF15220A7B0031CB40 /* MultiFluidViewer */,
				6BBFEFFD15220A7B0031CB40 /* Products */,
			);
			sourceTree = "<group>";
		};
		6BBFEFFD15220A7B0031CB40 /* Products */ = {
			isa = PBXGroup;
			children = (
				6BBFEFFC15220A7B0031CB40 /* MultiFluidViewer */,
			);
			name = Products;
			sourceTree = "<group>";
		};
		6BBFEFFF15220A7B0031CB40 /* MultiFluidViewer */ = {
			isa = PBXGroup;
			children = (
				6BBFF00D15220B550031CB40 /* gluvi.cpp */,
				6BBFF00E15220B550031CB40 /* gluvi.h */,
				6BBFF00F15220B550031CB40 /* util.h */,
				6BBFF01015220B550031CB40 /* vec.h */,
				6BBFF00015220A7B0031CB40 /* main.cpp */,
				6BBFF00215220A7B0031CB40 /* MultiFluidViewer.1 */,
			);
			path = MultiFluidViewer;
			sourceTree = "<group>";
		};
/* End PBXGroup section */

/* Begin PBXNativeTarget section */
		6BBFEFFB15220A7B0031CB40 /* MultiFluidViewer */ = {
			isa = PBXNativeTarget;
			buildConfigurationList = 6BBFF00615220A7B0031CB40 /* Build configuration list for PBXNativeTarget "MultiFluidViewer" */;
			buildPhases = (
				6BBFEFF815220A7B0031CB40 /* Sources */,
				6BBFEFF915220A7B0031CB40 /* Frameworks */,
				6BBFEFFA15220A7B0031CB40 /* CopyFiles */,
			);
			buildRules = (
			);
			dependencies = (
			);
			name = MultiFluidViewer;
			productName = MultiFluidViewer;
			productReference = 6BBFEFFC15220A7B0031CB40 /* MultiFluidViewer */;
			productType = "com.apple.product-type.tool";
		};
/* End PBXNativeTarget section */

/* Begin PBXProject section */
		6BBFEFF315220A7A0031CB40 /* Project object */ = {
			isa = PBXProject;
			attributes = {
				LastUpgradeCheck = 0420;
				ORGANIZATIONNAME = "University of Pennsylvania";
			};
			buildConfigurationList = 6BBFEFF615220A7A0031CB40 /* Build configuration list for PBXProject "MultiFluidViewer" */;
			compatibilityVersion = "Xcode 3.2";
			developmentRegion = English;
			hasScannedForEncodings = 0;
			knownRegions = (
				en,
			);
			mainGroup = 6BBFEFF115220A7A0031CB40;
			productRefGroup = 6BBFEFFD15220A7B0031CB40 /* Products */;
			projectDirPath = "";
			projectRoot = "";
			targets = (
				6BBFEFFB15220A7B0031CB40 /* MultiFluidViewer */,
			);
		};
/* End PBXProject section */

/* Begin PBXSourcesBuildPhase section */
		6BBFEFF815220A7B0031CB40 /* Sources */ = {
			isa = PBXSourcesBuildPhase;
			buildActionMask = 2147483647;
			files = (
				6BBFF00115220A7B0031CB40 /* main.cpp in Sources */,
				6BBFF01115220B550031CB40 /* gluvi.cpp in Sources */,
			);
			runOnlyForDeploymentPostprocessing = 0;
		};
/* End PBXSourcesBuildPhase section */

/* Begin XCBuildConfiguration section */
		6BBFF00415220A7B0031CB40 /* Debug */ = {
			isa = XCBuildConfiguration;
			buildSettings = {
				ALWAYS_SEARCH_USER_PATHS = NO;
				ARCHS = "$(ARCHS_STANDARD_64_BIT)";
				CLANG_ENABLE_OBJC_ARC = YES;
				COPY_PHASE_STRIP = NO;
				GCC_C_LANGUAGE_STANDARD = gnu99;
				GCC_DYNAMIC_NO_PIC = NO;
				GCC_ENABLE_OBJC_EXCEPTIONS = YES;
				GCC_OPTIMIZATION_LEVEL = 0;
				GCC_PREPROCESSOR_DEFINITIONS = (
					"DEBUG=1",
					"$(inherited)",
				);
				GCC_SYMBOLS_PRIVATE_EXTERN = NO;
				GCC_VERSION = com.apple.compilers.llvm.clang.1_0;
				GCC_WARN_64_TO_32_BIT_CONVERSION = YES;
				GCC_WARN_ABOUT_MISSING_PROTOTYPES = YES;
				GCC_WARN_ABOUT_RETURN_TYPE = YES;
				GCC_WARN_UNUSED_VARIABLE = YES;
				MACOSX_DEPLOYMENT_TARGET = 10.7;
				ONLY_ACTIVE_ARCH = YES;
				SDKROOT = macosx;
			};
			name = Debug;
		};
		6BBFF00515220A7B0031CB40 /* Release */ = {
			isa = XCBuildConfiguration;
			buildSettings = {
				ALWAYS_SEARCH_USER_PATHS = NO;
				ARCHS = "$(ARCHS_STANDARD_64_BIT)";
				CLANG_ENABLE_OBJC_ARC = YES;
				COPY_PHASE_STRIP = YES;
				DEBUG_INFORMATION_FORMAT = "dwarf-with-dsym";
				GCC_C_LANGUAGE_STANDARD = gnu99;
				GCC_ENABLE_OBJC_EXCEPTIONS = YES;
				GCC_VERSION = com.apple.compilers.llvm.clang.1_0;
				GCC_WARN_64_TO_32_BIT_CONVERSION = YES;
				GCC_WARN_ABOUT_MISSING_PROTOTYPES = YES;
				GCC_WARN_ABOUT_RETURN_TYPE = YES;
				GCC_WARN_UNUSED_VARIABLE = YES;
				MACOSX_DEPLOYMENT_TARGET = 10.7;
				SDKROOT = macosx;
			};
			name = Release;
		};
		6BBFF00715220A7B0031CB40 /* Debug */ = {
			isa = XCBuildConfiguration;
			buildSettings = {
				PRODUCT_NAME = "$(TARGET_NAME)";
			};
			name = Debug;
		};
		6BBFF00815220A7B0031CB40 /* Release */ = {
			isa = XCBuildConfiguration;
			buildSettings = {
				PRODUCT_NAME = "$(TARGET_NAME)";
			};
			name = Release;
		};
/* End XCBuildConfiguration section */

/* Begin XCConfigurationList section */
		6BBFEFF615220A7A0031CB40 /* Build configuration list for PBXProject "MultiFluidViewer" */ = {
			isa = XCConfigurationList;
			buildConfigurations = (
				6BBFF00415220A7B0031CB40 /* Debug */,
				6BBFF00515220A7B0031CB40 /* Release */,
			);
			defaultConfigurationIsVisible = 0;
			defaultConfigurationName = Release;
		};
		6BBFF00615220A7B0031CB40 /* Build configuration list for PBXNativeTarget "MultiFluidViewer" */ = {
			isa = XCConfigurationList;
			buildConfigurations = (
				6BBFF00715220A7B0031CB40 /* Debug */,
				6BBFF00815220A7B0031CB40 /* Release */,
			);
			defaultConfigurationIsVisible = 0;
			defaultConfigurationName = Release;
		};
/* End XCConfigurationList section */
	};
	rootObject = 6BBFEFF315220A7A0031CB40 /* Project object */;
}
